
Microsoft Visual Studio Solution File, Format Version 12.00
# Visual Studio Version 16
VisualStudioVersion = 16.0.32106.194
MinimumVisualStudioVersion = 10.0.40219.1
Project("{FAE04EC0-301F-11D3-BF4B-00C04F79EFBC}") = "FlashlightApp.Android", "FlashlightApp\FlashlightApp.Android\FlashlightApp.Android.csproj", "{7FFB04C4-FEA7-4736-94B9-C6AA65EAE0A6}"
EndProject
Project("{FAE04EC0-301F-11D3-BF4B-00C04F79EFBC}") = "FlashlightApp.iOS", "FlashlightApp\FlashlightApp.iOS\FlashlightApp.iOS.csproj", "{6C05DD41-7086-4877-B8E5-A5DDA1DA3AA4}"
EndProject
Project("{FAE04EC0-301F-11D3-BF4B-00C04F79EFBC}") = "FlashlightApp", "FlashlightApp\FlashlightApp\FlashlightApp.csproj", "{579BD400-1022-47D6-9A9B-83A172322315}"
EndProject
Global
	GlobalSection(SolutionConfigurationPlatforms) = preSolution
		Debug|Any CPU = Debug|Any CPU
		Debug|iPhone = Debug|iPhone
		Debug|iPhoneSimulator = Debug|iPhoneSimulator
		Release|Any CPU = Release|Any CPU
		Release|iPhone = Release|iPhone
		Release|iPhoneSimulator = Release|iPhoneSimulator
	EndGlobalSection
	GlobalSection(ProjectConfigurationPlatforms) = postSolution
		{7FFB04C4-FEA7-4736-94B9-C6AA65EAE0A6}.Debug|Any CPU.ActiveCfg = Debug|Any CPU
		{7FFB04C4-FEA7-4736-94B9-C6AA65EAE0A6}.Debug|Any CPU.Build.0 = Debug|Any CPU
		{7FFB04C4-FEA7-4736-94B9-C6AA65EAE0A6}.Debug|Any CPU.Deploy.0 = Debug|Any CPU
		{7FFB04C4-FEA7-4736-94B9-C6AA65EAE0A6}.Debug|iPhone.ActiveCfg = Debug|Any CPU
		{7FFB04C4-FEA7-4736-94B9-C6AA65EAE0A6}.Debug|iPhone.Build.0 = Debug|Any CPU
		{7FFB04C4-FEA7-4736-94B9-C6AA65EAE0A6}.Debug|iPhone.Deploy.0 = Debug|Any CPU
		{7FFB04C4-FEA7-4736-94B9-C6AA65EAE0A6}.Debug|iPhoneSimulator.ActiveCfg = Debug|Any CPU
		{7FFB04C4-FEA7-4736-94B9-C6AA65EAE0A6}.Debug|iPhoneSimulator.Build.0 = Debug|Any CPU
		{7FFB04C4-FEA7-4736-94B9-C6AA65EAE0A6}.Debug|iPhoneSimulator.Deploy.0 = Debug|Any CPU
		{7FFB04C4-FEA7-4736-94B9-C6AA65EAE0A6}.Release|Any CPU.ActiveCfg = Release|Any CPU
		{7FFB04C4-FEA7-4736-94B9-C6AA65EAE0A6}.Release|Any CPU.Build.0 = Release|Any CPU
		{7FFB04C4-FEA7-4736-94B9-C6AA65EAE0A6}.Release|Any CPU.Deploy.0 = Release|Any CPU
		{7FFB04C4-FEA7-4736-94B9-C6AA65EAE0A6}.Release|iPhone.ActiveCfg = Release|Any CPU
		{7FFB04C4-FEA7-4736-94B9-C6AA65EAE0A6}.Release|iPhone.Build.0 = Release|Any CPU
		{7FFB04C4-FEA7-4736-94B9-C6AA65EAE0A6}.Release|iPhone.Deploy.0 = Release|Any CPU
		{7FFB04C4-FEA7-4736-94B9-C6AA65EAE0A6}.Release|iPhoneSimulator.ActiveCfg = Release|Any CPU
		{7FFB04C4-FEA7-4736-94B9-C6AA65EAE0A6}.Release|iPhoneSimulator.Build.0 = Release|Any CPU
		{7FFB04C4-FEA7-4736-94B9-C6AA65EAE0A6}.Release|iPhoneSimulator.Deploy.0 = Release|Any CPU
		{6C05DD41-7086-4877-B8E5-A5DDA1DA3AA4}.Debug|Any CPU.ActiveCfg = Debug|iPhone
		{6C05DD41-7086-4877-B8E5-A5DDA1DA3AA4}.Debug|Any CPU.Build.0 = Debug|iPhone
		{6C05DD41-7086-4877-B8E5-A5DDA1DA3AA4}.Debug|Any CPU.Deploy.0 = Debug|iPhone
		{6C05DD41-7086-4877-B8E5-A5DDA1DA3AA4}.Debug|iPhone.ActiveCfg = Debug|iPhone
		{6C05DD41-7086-4877-B8E5-A5DDA1DA3AA4}.Debug|iPhone.Build.0 = Debug|iPhone
		{6C05DD41-7086-4877-B8E5-A5DDA1DA3AA4}.Debug|iPhone.Deploy.0 = Debug|iPhone
		{6C05DD41-7086-4877-B8E5-A5DDA1DA3AA4}.Debug|iPhoneSimulator.ActiveCfg = Debug|iPhoneSimulator
		{6C05DD41-7086-4877-B8E5-A5DDA1DA3AA4}.Debug|iPhoneSimulator.Build.0 = Debug|iPhoneSimulator
		{6C05DD41-7086-4877-B8E5-A5DDA1DA3AA4}.Debug|iPhoneSimulator.Deploy.0 = Debug|iPhoneSimulator
		{6C05DD41-7086-4877-B8E5-A5DDA1DA3AA4}.Release|Any CPU.ActiveCfg = Release|iPhoneSimulator
		{6C05DD41-7086-4877-B8E5-A5DDA1DA3AA4}.Release|Any CPU.Build.0 = Release|iPhoneSimulator
		{6C05DD41-7086-4877-B8E5-A5DDA1DA3AA4}.Release|Any CPU.Deploy.0 = Release|iPhoneSimulator
		{6C05DD41-7086-4877-B8E5-A5DDA1DA3AA4}.Release|iPhone.ActiveCfg = Release|iPhone
		{6C05DD41-7086-4877-B8E5-A5DDA1DA3AA4}.Release|iPhone.Build.0 = Release|iPhone
		{6C05DD41-7086-4877-B8E5-A5DDA1DA3AA4}.Release|iPhone.Deploy.0 = Release|iPhone
		{6C05DD41-7086-4877-B8E5-A5DDA1DA3AA4}.Release|iPhoneSimulator.ActiveCfg = Release|iPhoneSimulator
		{6C05DD41-7086-4877-B8E5-A5DDA1DA3AA4}.Release|iPhoneSimulator.Build.0 = Release|iPhoneSimulator
		{6C05DD41-7086-4877-B8E5-A5DDA1DA3AA4}.Release|iPhoneSimulator.Deploy.0 = Release|iPhoneSimulator
		{579BD400-1022-47D6-9A9B-83A172322315}.Debug|Any CPU.ActiveCfg = Debug|Any CPU
		{579BD400-1022-47D6-9A9B-83A172322315}.Debug|Any CPU.Build.0 = Debug|Any CPU
		{579BD400-1022-47D6-9A9B-83A172322315}.Debug|Any CPU.Deploy.0 = Debug|Any CPU
		{579BD400-1022-47D6-9A9B-83A172322315}.Debug|iPhone.ActiveCfg = Debug|Any CPU
		{579BD400-1022-47D6-9A9B-83A172322315}.Debug|iPhone.Build.0 = Debug|Any CPU
		{579BD400-1022-47D6-9A9B-83A172322315}.Debug|iPhone.Deploy.0 = Debug|Any CPU
		{579BD400-1022-47D6-9A9B-83A172322315}.Debug|iPhoneSimulator.ActiveCfg = Debug|Any CPU
		{579BD400-1022-47D6-9A9B-83A172322315}.Debug|iPhoneSimulator.Build.0 = Debug|Any CPU
		{579BD400-1022-47D6-9A9B-83A172322315}.Debug|iPhoneSimulator.Deploy.0 = Debug|Any CPU
		{579BD400-1022-47D6-9A9B-83A172322315}.Release|Any CPU.ActiveCfg = Release|Any CPU
		{579BD400-1022-47D6-9A9B-83A172322315}.Release|Any CPU.Build.0 = Release|Any CPU
		{579BD400-1022-47D6-9A9B-83A172322315}.Release|Any CPU.Deploy.0 = Release|Any CPU
		{579BD400-1022-47D6-9A9B-83A172322315}.Release|iPhone.ActiveCfg = Release|Any CPU
		{579BD400-1022-47D6-9A9B-83A172322315}.Release|iPhone.Build.0 = Release|Any CPU
		{579BD400-1022-47D6-9A9B-83A172322315}.Release|iPhone.Deploy.0 = Release|Any CPU
		{579BD400-1022-47D6-9A9B-83A172322315}.Release|iPhoneSimulator.ActiveCfg = Release|Any CPU
		{579BD400-1022-47D6-9A9B-83A172322315}.Release|iPhoneSimulator.Build.0 = Release|Any CPU
		{579BD400-1022-47D6-9A9B-83A172322315}.Release|iPhoneSimulator.Deploy.0 = Release|Any CPU
	EndGlobalSection
	GlobalSection(SolutionProperties) = preSolution
		HideSolutionNode = FALSE
	EndGlobalSection
	GlobalSection(ExtensibilityGlobals) = postSolution
		SolutionGuid = {87BD4EBB-3BBC-4408-83C3-0ECBABD7318A}
	EndGlobalSection
EndGlobal
